
Microsoft Visual Studio Solution File, Format Version 12.00
# Visual Studio 15
VisualStudioVersion = 15.0.27703.2042
MinimumVisualStudioVersion = 10.0.40219.1
Project("{FAE04EC0-301F-11D3-BF4B-00C04F79EFBC}") = "Tutorialwebapi", "Tutorialwebapi\Tutorialwebapi.csproj", "{1EBC9F60-5B5A-418D-BD93-F89D59E3C111}"
EndProject
Global
	GlobalSection(SolutionConfigurationPlatforms) = preSolution
		Debug|Any CPU = Debug|Any CPU
		Release|Any CPU = Release|Any CPU
	EndGlobalSection
	GlobalSection(ProjectConfigurationPlatforms) = postSolution
		{1EBC9F60-5B5A-418D-BD93-F89D59E3C111}.Debug|Any CPU.ActiveCfg = Debug|Any CPU
		{1EBC9F60-5B5A-418D-BD93-F89D59E3C111}.Debug|Any CPU.Build.0 = Debug|Any CPU
		{1EBC9F60-5B5A-418D-BD93-F89D59E3C111}.Release|Any CPU.ActiveCfg = Release|Any CPU
		{1EBC9F60-5B5A-418D-BD93-F89D59E3C111}.Release|Any CPU.Build.0 = Release|Any CPU
	EndGlobalSection
	GlobalSection(SolutionProperties) = preSolution
		HideSolutionNode = FALSE
	EndGlobalSection
	GlobalSection(ExtensibilityGlobals) = postSolution
		SolutionGuid = {CCF6D9C3-4CBB-480E-BE7C-6E7E3E131BFA}
	EndGlobalSection
EndGlobal
